// !$*UTF8*$!
{
	archiveVersion = 1;
	classes = {
	};
	objectVersion = 56;
	objects = {

/* Begin PBXBuildFile section */
		6D37A73B29C6D76800EF1F7B /* Localizable.strings in Resources */ = {isa = PBXBuildFile; fileRef = 6D37A73D29C6D76800EF1F7B /* Localizable.strings */; };
		6D5C556B2944408700FCF891 /* ImageLoaderView.swift in Sources */ = {isa = PBXBuildFile; fileRef = 6D5C556A2944408700FCF891 /* ImageLoaderView.swift */; };
		6D80F32629EAF30E00E99DFF /* SwiftUIX in Frameworks */ = {isa = PBXBuildFile; productRef = 6D80F32529EAF30E00E99DFF /* SwiftUIX */; };
		6D80F32929EB8F3700E99DFF /* OpenAI in Frameworks */ = {isa = PBXBuildFile; productRef = 6D80F32829EB8F3700E99DFF /* OpenAI */; };
		6D80F32B29EBE03700E99DFF /* View.swift in Sources */ = {isa = PBXBuildFile; fileRef = 6D80F32A29EBE03700E99DFF /* View.swift */; };
		6DAA91802943448D004ACD01 /* MarkdownText in Frameworks */ = {isa = PBXBuildFile; productRef = 6DAA917F2943448D004ACD01 /* MarkdownText */; };
		6DAA9182294346D8004ACD01 /* MarkdownStyles.swift in Sources */ = {isa = PBXBuildFile; fileRef = 6DAA9181294346D8004ACD01 /* MarkdownStyles.swift */; };
		6DAFB23E29D97EE8006417EC /* ChatHistoryListView.swift in Sources */ = {isa = PBXBuildFile; fileRef = 6DAFB23D29D97EE8006417EC /* ChatHistoryListView.swift */; };
		6DAFB24029D97F8A006417EC /* ChatRoomConfigView.swift in Sources */ = {isa = PBXBuildFile; fileRef = 6DAFB23F29D97F8A006417EC /* ChatRoomConfigView.swift */; };
		6DAFB24229D9CCD1006417EC /* ChatMessageStore.swift in Sources */ = {isa = PBXBuildFile; fileRef = 6DAFB24129D9CCD1006417EC /* ChatMessageStore.swift */; };
		6DAFB24429D9CDB2006417EC /* ChatRoomStore.swift in Sources */ = {isa = PBXBuildFile; fileRef = 6DAFB24329D9CDB1006417EC /* ChatRoomStore.swift */; };
		6DAFB24729D9D6B9006417EC /* AIChatRoom.swift in Sources */ = {isa = PBXBuildFile; fileRef = 6DAFB24629D9D6B9006417EC /* AIChatRoom.swift */; };
		6DC88ADE2942C8AD00DA6C55 /* iChatGPTApp.swift in Sources */ = {isa = PBXBuildFile; fileRef = 6DC88ADD2942C8AD00DA6C55 /* iChatGPTApp.swift */; };
		6DC88AE02942C8AD00DA6C55 /* AIChatView.swift in Sources */ = {isa = PBXBuildFile; fileRef = 6DC88ADF2942C8AD00DA6C55 /* AIChatView.swift */; };
		6DC88AE22942C8AE00DA6C55 /* Assets.xcassets in Resources */ = {isa = PBXBuildFile; fileRef = 6DC88AE12942C8AE00DA6C55 /* Assets.xcassets */; };
		6DC88AE52942C8AE00DA6C55 /* Preview Assets.xcassets in Resources */ = {isa = PBXBuildFile; fileRef = 6DC88AE42942C8AE00DA6C55 /* Preview Assets.xcassets */; };
		6DC88AEF2942C8AE00DA6C55 /* iChatGPTTests.swift in Sources */ = {isa = PBXBuildFile; fileRef = 6DC88AEE2942C8AE00DA6C55 /* iChatGPTTests.swift */; };
		6DC88AF92942C8AE00DA6C55 /* iChatGPTUITests.swift in Sources */ = {isa = PBXBuildFile; fileRef = 6DC88AF82942C8AE00DA6C55 /* iChatGPTUITests.swift */; };
		6DC88AFB2942C8AE00DA6C55 /* iChatGPTUITestsLaunchTests.swift in Sources */ = {isa = PBXBuildFile; fileRef = 6DC88AFA2942C8AE00DA6C55 /* iChatGPTUITestsLaunchTests.swift */; };
		6DC88B0A2942C8D200DA6C55 /* ChatInputView.swift in Sources */ = {isa = PBXBuildFile; fileRef = 6DC88B072942C8D200DA6C55 /* ChatInputView.swift */; };
		6DC88B0B2942C8D200DA6C55 /* ChatAPISettingView.swift in Sources */ = {isa = PBXBuildFile; fileRef = 6DC88B082942C8D200DA6C55 /* ChatAPISettingView.swift */; };
		6DC88B0C2942C8D200DA6C55 /* ChatContextMenu.swift in Sources */ = {isa = PBXBuildFile; fileRef = 6DC88B092942C8D200DA6C55 /* ChatContextMenu.swift */; };
		6DC88B102942C8DC00DA6C55 /* AIChatModel.swift in Sources */ = {isa = PBXBuildFile; fileRef = 6DC88B0E2942C8DB00DA6C55 /* AIChatModel.swift */; };
		6DC88B112942C8DC00DA6C55 /* ChatGPT.swift in Sources */ = {isa = PBXBuildFile; fileRef = 6DC88B0F2942C8DB00DA6C55 /* ChatGPT.swift */; };
		6DC88B142942C8E000DA6C55 /* Strings.swift in Sources */ = {isa = PBXBuildFile; fileRef = 6DC88B132942C8E000DA6C55 /* Strings.swift */; };
		6DC88B192942D0B700DA6C55 /* Dates.swift in Sources */ = {isa = PBXBuildFile; fileRef = 6DC88B182942D0B700DA6C55 /* Dates.swift */; };
		6DC88B1B2942E84A00DA6C55 /* MultilineTextField.swift in Sources */ = {isa = PBXBuildFile; fileRef = 6DC88B1A2942E84A00DA6C55 /* MultilineTextField.swift */; };
		6DFC85DA29D870F9005D67C0 /* AIChatInputModel.swift in Sources */ = {isa = PBXBuildFile; fileRef = 6DFC85D929D870F9005D67C0 /* AIChatInputModel.swift */; };
/* End PBXBuildFile section */

/* Begin PBXContainerItemProxy section */
		6DC88AEB2942C8AE00DA6C55 /* PBXContainerItemProxy */ = {
			isa = PBXContainerItemProxy;
			containerPortal = 6DC88AD22942C8AD00DA6C55 /* Project object */;
			proxyType = 1;
			remoteGlobalIDString = 6DC88AD92942C8AD00DA6C55;
			remoteInfo = iChatGPT;
		};
		6DC88AF52942C8AE00DA6C55 /* PBXContainerItemProxy */ = {
			isa = PBXContainerItemProxy;
			containerPortal = 6DC88AD22942C8AD00DA6C55 /* Project object */;
			proxyType = 1;
			remoteGlobalIDString = 6DC88AD92942C8AD00DA6C55;
			remoteInfo = iChatGPT;
		};
/* End PBXContainerItemProxy section */

/* Begin PBXFileReference section */
		6D37A73C29C6D76800EF1F7B /* zh-Hans */ = {isa = PBXFileReference; lastKnownFileType = text.plist.strings; name = "zh-Hans"; path = "zh-Hans.lproj/Localizable.strings"; sourceTree = "<group>"; };
		6D37A73E29C6D76B00EF1F7B /* en */ = {isa = PBXFileReference; lastKnownFileType = text.plist.strings; name = en; path = en.lproj/Localizable.strings; sourceTree = "<group>"; };
		6D4D38A529DA746700505FE3 /* zh-Hant */ = {isa = PBXFileReference; lastKnownFileType = text.plist.strings; name = "zh-Hant"; path = "zh-Hant.lproj/Localizable.strings"; sourceTree = "<group>"; };
		6D4D38A629DA754A00505FE3 /* ja */ = {isa = PBXFileReference; lastKnownFileType = text.plist.strings; name = ja; path = ja.lproj/Localizable.strings; sourceTree = "<group>"; };
		6D4D38A729DA755100505FE3 /* ko */ = {isa = PBXFileReference; lastKnownFileType = text.plist.strings; name = ko; path = ko.lproj/Localizable.strings; sourceTree = "<group>"; };
		6D4D38A829DA765E00505FE3 /* fr */ = {isa = PBXFileReference; lastKnownFileType = text.plist.strings; name = fr; path = fr.lproj/Localizable.strings; sourceTree = "<group>"; };
		6D4D38A929DA767100505FE3 /* ru */ = {isa = PBXFileReference; lastKnownFileType = text.plist.strings; name = ru; path = ru.lproj/Localizable.strings; sourceTree = "<group>"; };
		6D4D38AA29DA767B00505FE3 /* de */ = {isa = PBXFileReference; lastKnownFileType = text.plist.strings; name = de; path = de.lproj/Localizable.strings; sourceTree = "<group>"; };
		6D5C55682944317300FCF891 /* Info.plist */ = {isa = PBXFileReference; lastKnownFileType = text.plist.xml; path = Info.plist; sourceTree = "<group>"; };
		6D5C556A2944408700FCF891 /* ImageLoaderView.swift */ = {isa = PBXFileReference; lastKnownFileType = sourcecode.swift; path = ImageLoaderView.swift; sourceTree = "<group>"; };
		6D7C1A202945809C008EB1CA /* README.md */ = {isa = PBXFileReference; lastKnownFileType = net.daringfireball.markdown; path = README.md; sourceTree = "<group>"; };
		6D7C1A21294580A5008EB1CA /* LICENSE */ = {isa = PBXFileReference; lastKnownFileType = text; path = LICENSE; sourceTree = "<group>"; };
		6D80F32A29EBE03700E99DFF /* View.swift */ = {isa = PBXFileReference; lastKnownFileType = sourcecode.swift; path = View.swift; sourceTree = "<group>"; };
		6DAA9181294346D8004ACD01 /* MarkdownStyles.swift */ = {isa = PBXFileReference; fileEncoding = 4; lastKnownFileType = sourcecode.swift; path = MarkdownStyles.swift; sourceTree = "<group>"; };
		6DAFB23D29D97EE8006417EC /* ChatHistoryListView.swift */ = {isa = PBXFileReference; lastKnownFileType = sourcecode.swift; path = ChatHistoryListView.swift; sourceTree = "<group>"; };
		6DAFB23F29D97F8A006417EC /* ChatRoomConfigView.swift */ = {isa = PBXFileReference; lastKnownFileType = sourcecode.swift; path = ChatRoomConfigView.swift; sourceTree = "<group>"; };
		6DAFB24129D9CCD1006417EC /* ChatMessageStore.swift */ = {isa = PBXFileReference; lastKnownFileType = sourcecode.swift; path = ChatMessageStore.swift; sourceTree = "<group>"; };
		6DAFB24329D9CDB1006417EC /* ChatRoomStore.swift */ = {isa = PBXFileReference; lastKnownFileType = sourcecode.swift; path = ChatRoomStore.swift; sourceTree = "<group>"; };
		6DAFB24629D9D6B9006417EC /* AIChatRoom.swift */ = {isa = PBXFileReference; lastKnownFileType = sourcecode.swift; path = AIChatRoom.swift; sourceTree = "<group>"; };
		6DC88ADA2942C8AD00DA6C55 /* iChatGPT.app */ = {isa = PBXFileReference; explicitFileType = wrapper.application; includeInIndex = 0; path = iChatGPT.app; sourceTree = BUILT_PRODUCTS_DIR; };
		6DC88ADD2942C8AD00DA6C55 /* iChatGPTApp.swift */ = {isa = PBXFileReference; lastKnownFileType = sourcecode.swift; path = iChatGPTApp.swift; sourceTree = "<group>"; };
		6DC88ADF2942C8AD00DA6C55 /* AIChatView.swift */ = {isa = PBXFileReference; lastKnownFileType = sourcecode.swift; path = AIChatView.swift; sourceTree = "<group>"; };
		6DC88AE12942C8AE00DA6C55 /* Assets.xcassets */ = {isa = PBXFileReference; lastKnownFileType = folder.assetcatalog; path = Assets.xcassets; sourceTree = "<group>"; };
		6DC88AE42942C8AE00DA6C55 /* Preview Assets.xcassets */ = {isa = PBXFileReference; lastKnownFileType = folder.assetcatalog; path = "Preview Assets.xcassets"; sourceTree = "<group>"; };
		6DC88AEA2942C8AE00DA6C55 /* iChatGPTTests.xctest */ = {isa = PBXFileReference; explicitFileType = wrapper.cfbundle; includeInIndex = 0; path = iChatGPTTests.xctest; sourceTree = BUILT_PRODUCTS_DIR; };
		6DC88AEE2942C8AE00DA6C55 /* iChatGPTTests.swift */ = {isa = PBXFileReference; lastKnownFileType = sourcecode.swift; path = iChatGPTTests.swift; sourceTree = "<group>"; };
		6DC88AF42942C8AE00DA6C55 /* iChatGPTUITests.xctest */ = {isa = PBXFileReference; explicitFileType = wrapper.cfbundle; includeInIndex = 0; path = iChatGPTUITests.xctest; sourceTree = BUILT_PRODUCTS_DIR; };
		6DC88AF82942C8AE00DA6C55 /* iChatGPTUITests.swift */ = {isa = PBXFileReference; lastKnownFileType = sourcecode.swift; path = iChatGPTUITests.swift; sourceTree = "<group>"; };
		6DC88AFA2942C8AE00DA6C55 /* iChatGPTUITestsLaunchTests.swift */ = {isa = PBXFileReference; lastKnownFileType = sourcecode.swift; path = iChatGPTUITestsLaunchTests.swift; sourceTree = "<group>"; };
		6DC88B072942C8D200DA6C55 /* ChatInputView.swift */ = {isa = PBXFileReference; fileEncoding = 4; lastKnownFileType = sourcecode.swift; path = ChatInputView.swift; sourceTree = "<group>"; };
		6DC88B082942C8D200DA6C55 /* ChatAPISettingView.swift */ = {isa = PBXFileReference; fileEncoding = 4; lastKnownFileType = sourcecode.swift; path = ChatAPISettingView.swift; sourceTree = "<group>"; };
		6DC88B092942C8D200DA6C55 /* ChatContextMenu.swift */ = {isa = PBXFileReference; fileEncoding = 4; lastKnownFileType = sourcecode.swift; path = ChatContextMenu.swift; sourceTree = "<group>"; };
		6DC88B0E2942C8DB00DA6C55 /* AIChatModel.swift */ = {isa = PBXFileReference; fileEncoding = 4; lastKnownFileType = sourcecode.swift; path = AIChatModel.swift; sourceTree = "<group>"; };
		6DC88B0F2942C8DB00DA6C55 /* ChatGPT.swift */ = {isa = PBXFileReference; fileEncoding = 4; lastKnownFileType = sourcecode.swift; path = ChatGPT.swift; sourceTree = "<group>"; };
		6DC88B132942C8E000DA6C55 /* Strings.swift */ = {isa = PBXFileReference; fileEncoding = 4; lastKnownFileType = sourcecode.swift; path = Strings.swift; sourceTree = "<group>"; };
		6DC88B182942D0B700DA6C55 /* Dates.swift */ = {isa = PBXFileReference; lastKnownFileType = sourcecode.swift; path = Dates.swift; sourceTree = "<group>"; };
		6DC88B1A2942E84A00DA6C55 /* MultilineTextField.swift */ = {isa = PBXFileReference; lastKnownFileType = sourcecode.swift; path = MultilineTextField.swift; sourceTree = "<group>"; };
		6DFC85D929D870F9005D67C0 /* AIChatInputModel.swift */ = {isa = PBXFileReference; lastKnownFileType = sourcecode.swift; path = AIChatInputModel.swift; sourceTree = "<group>"; };
/* End PBXFileReference section */

/* Begin PBXFrameworksBuildPhase section */
		6DC88AD72942C8AD00DA6C55 /* Frameworks */ = {
			isa = PBXFrameworksBuildPhase;
			buildActionMask = 2147483647;
			files = (
				6D80F32629EAF30E00E99DFF /* SwiftUIX in Frameworks */,
				6D80F32929EB8F3700E99DFF /* OpenAI in Frameworks */,
				6DAA91802943448D004ACD01 /* MarkdownText in Frameworks */,
			);
			runOnlyForDeploymentPostprocessing = 0;
		};
		6DC88AE72942C8AE00DA6C55 /* Frameworks */ = {
			isa = PBXFrameworksBuildPhase;
			buildActionMask = 2147483647;
			files = (
			);
			runOnlyForDeploymentPostprocessing = 0;
		};
		6DC88AF12942C8AE00DA6C55 /* Frameworks */ = {
			isa = PBXFrameworksBuildPhase;
			buildActionMask = 2147483647;
			files = (
			);
			runOnlyForDeploymentPostprocessing = 0;
		};
/* End PBXFrameworksBuildPhase section */

/* Begin PBXGroup section */
		6DAFB24529D9D67A006417EC /* Store */ = {
			isa = PBXGroup;
			children = (
				6DAFB24329D9CDB1006417EC /* ChatRoomStore.swift */,
				6DAFB24129D9CCD1006417EC /* ChatMessageStore.swift */,
			);
			path = Store;
			sourceTree = "<group>";
		};
		6DC88AD12942C8AD00DA6C55 = {
			isa = PBXGroup;
			children = (
				6D7C1A202945809C008EB1CA /* README.md */,
				6D7C1A21294580A5008EB1CA /* LICENSE */,
				6DC88ADC2942C8AD00DA6C55 /* iChatGPT */,
				6DC88AED2942C8AE00DA6C55 /* iChatGPTTests */,
				6DC88AF72942C8AE00DA6C55 /* iChatGPTUITests */,
				6DC88ADB2942C8AD00DA6C55 /* Products */,
			);
			sourceTree = "<group>";
		};
		6DC88ADB2942C8AD00DA6C55 /* Products */ = {
			isa = PBXGroup;
			children = (
				6DC88ADA2942C8AD00DA6C55 /* iChatGPT.app */,
				6DC88AEA2942C8AE00DA6C55 /* iChatGPTTests.xctest */,
				6DC88AF42942C8AE00DA6C55 /* iChatGPTUITests.xctest */,
			);
			name = Products;
			sourceTree = "<group>";
		};
		6DC88ADC2942C8AD00DA6C55 /* iChatGPT */ = {
			isa = PBXGroup;
			children = (
				6DC88ADD2942C8AD00DA6C55 /* iChatGPTApp.swift */,
				6DC88ADF2942C8AD00DA6C55 /* AIChatView.swift */,
				6DC88B072942C8D200DA6C55 /* ChatInputView.swift */,
				6DC88B092942C8D200DA6C55 /* ChatContextMenu.swift */,
				6DAFB23D29D97EE8006417EC /* ChatHistoryListView.swift */,
				6DAFB23F29D97F8A006417EC /* ChatRoomConfigView.swift */,
				6DC88B082942C8D200DA6C55 /* ChatAPISettingView.swift */,
				6DC88B0D2942C8DB00DA6C55 /* Models */,
				6DAFB24529D9D67A006417EC /* Store */,
				6DC88B122942C8E000DA6C55 /* Extensions */,
				6DC88AE12942C8AE00DA6C55 /* Assets.xcassets */,
				6D5C55682944317300FCF891 /* Info.plist */,
				6D37A73D29C6D76800EF1F7B /* Localizable.strings */,
				6DC88AE32942C8AE00DA6C55 /* Preview Content */,
			);
			path = iChatGPT;
			sourceTree = "<group>";
		};
		6DC88AE32942C8AE00DA6C55 /* Preview Content */ = {
			isa = PBXGroup;
			children = (
				6DC88AE42942C8AE00DA6C55 /* Preview Assets.xcassets */,
			);
			path = "Preview Content";
			sourceTree = "<group>";
		};
		6DC88AED2942C8AE00DA6C55 /* iChatGPTTests */ = {
			isa = PBXGroup;
			children = (
				6DC88AEE2942C8AE00DA6C55 /* iChatGPTTests.swift */,
			);
			path = iChatGPTTests;
			sourceTree = "<group>";
		};
		6DC88AF72942C8AE00DA6C55 /* iChatGPTUITests */ = {
			isa = PBXGroup;
			children = (
				6DC88AF82942C8AE00DA6C55 /* iChatGPTUITests.swift */,
				6DC88AFA2942C8AE00DA6C55 /* iChatGPTUITestsLaunchTests.swift */,
			);
			path = iChatGPTUITests;
			sourceTree = "<group>";
		};
		6DC88B0D2942C8DB00DA6C55 /* Models */ = {
			isa = PBXGroup;
			children = (
				6DC88B0E2942C8DB00DA6C55 /* AIChatModel.swift */,
				6DC88B0F2942C8DB00DA6C55 /* ChatGPT.swift */,
				6DFC85D929D870F9005D67C0 /* AIChatInputModel.swift */,
				6DAFB24629D9D6B9006417EC /* AIChatRoom.swift */,
			);
			path = Models;
			sourceTree = "<group>";
		};
		6DC88B122942C8E000DA6C55 /* Extensions */ = {
			isa = PBXGroup;
			children = (
				6D80F32A29EBE03700E99DFF /* View.swift */,
				6DAA9181294346D8004ACD01 /* MarkdownStyles.swift */,
				6DC88B132942C8E000DA6C55 /* Strings.swift */,
				6DC88B182942D0B700DA6C55 /* Dates.swift */,
				6DC88B1A2942E84A00DA6C55 /* MultilineTextField.swift */,
				6D5C556A2944408700FCF891 /* ImageLoaderView.swift */,
			);
			path = Extensions;
			sourceTree = "<group>";
		};
/* End PBXGroup section */

/* Begin PBXNativeTarget section */
		6DC88AD92942C8AD00DA6C55 /* iChatGPT */ = {
			isa = PBXNativeTarget;
			buildConfigurationList = 6DC88AFE2942C8AE00DA6C55 /* Build configuration list for PBXNativeTarget "iChatGPT" */;
			buildPhases = (
				6DC88AD62942C8AD00DA6C55 /* Sources */,
				6DC88AD72942C8AD00DA6C55 /* Frameworks */,
				6DC88AD82942C8AD00DA6C55 /* Resources */,
			);
			buildRules = (
			);
			dependencies = (
			);
			name = iChatGPT;
			packageProductDependencies = (
				6DAA917F2943448D004ACD01 /* MarkdownText */,
				6D80F32529EAF30E00E99DFF /* SwiftUIX */,
				6D80F32829EB8F3700E99DFF /* OpenAI */,
			);
			productName = iChatGPT;
			productReference = 6DC88ADA2942C8AD00DA6C55 /* iChatGPT.app */;
			productType = "com.apple.product-type.application";
		};
		6DC88AE92942C8AE00DA6C55 /* iChatGPTTests */ = {
			isa = PBXNativeTarget;
			buildConfigurationList = 6DC88B012942C8AE00DA6C55 /* Build configuration list for PBXNativeTarget "iChatGPTTests" */;
			buildPhases = (
				6DC88AE62942C8AE00DA6C55 /* Sources */,
				6DC88AE72942C8AE00DA6C55 /* Frameworks */,
				6DC88AE82942C8AE00DA6C55 /* Resources */,
			);
			buildRules = (
			);
			dependencies = (
				6DC88AEC2942C8AE00DA6C55 /* PBXTargetDependency */,
			);
			name = iChatGPTTests;
			productName = iChatGPTTests;
			productReference = 6DC88AEA2942C8AE00DA6C55 /* iChatGPTTests.xctest */;
			productType = "com.apple.product-type.bundle.unit-test";
		};
		6DC88AF32942C8AE00DA6C55 /* iChatGPTUITests */ = {
			isa = PBXNativeTarget;
			buildConfigurationList = 6DC88B042942C8AE00DA6C55 /* Build configuration list for PBXNativeTarget "iChatGPTUITests" */;
			buildPhases = (
				6DC88AF02942C8AE00DA6C55 /* Sources */,
				6DC88AF12942C8AE00DA6C55 /* Frameworks */,
				6DC88AF22942C8AE00DA6C55 /* Resources */,
			);
			buildRules = (
			);
			dependencies = (
				6DC88AF62942C8AE00DA6C55 /* PBXTargetDependency */,
			);
			name = iChatGPTUITests;
			productName = iChatGPTUITests;
			productReference = 6DC88AF42942C8AE00DA6C55 /* iChatGPTUITests.xctest */;
			productType = "com.apple.product-type.bundle.ui-testing";
		};
/* End PBXNativeTarget section */

/* Begin PBXProject section */
		6DC88AD22942C8AD00DA6C55 /* Project object */ = {
			isa = PBXProject;
			attributes = {
				BuildIndependentTargetsInParallel = 1;
				LastSwiftUpdateCheck = 1410;
				LastUpgradeCheck = 1430;
				ORGANIZATIONNAME = "37 Mobile Games";
				TargetAttributes = {
					6DC88AD92942C8AD00DA6C55 = {
						CreatedOnToolsVersion = 14.1;
					};
					6DC88AE92942C8AE00DA6C55 = {
						CreatedOnToolsVersion = 14.1;
						TestTargetID = 6DC88AD92942C8AD00DA6C55;
					};
					6DC88AF32942C8AE00DA6C55 = {
						CreatedOnToolsVersion = 14.1;
						TestTargetID = 6DC88AD92942C8AD00DA6C55;
					};
				};
			};
			buildConfigurationList = 6DC88AD52942C8AD00DA6C55 /* Build configuration list for PBXProject "iChatGPT" */;
			compatibilityVersion = "Xcode 14.0";
			developmentRegion = "zh-Hans";
			hasScannedForEncodings = 0;
			knownRegions = (
				"zh-Hans",
				en,
				Base,
				"zh-Hant",
				ja,
				ko,
				fr,
				ru,
				de,
			);
			mainGroup = 6DC88AD12942C8AD00DA6C55;
			packageReferences = (
				6DAA917E2943448D004ACD01 /* XCRemoteSwiftPackageReference "MarkdownText" */,
				6D80F32429EAF30E00E99DFF /* XCRemoteSwiftPackageReference "SwiftUIX" */,
				6D80F32729EB8F3700E99DFF /* XCRemoteSwiftPackageReference "OpenAI" */,
			);
			productRefGroup = 6DC88ADB2942C8AD00DA6C55 /* Products */;
			projectDirPath = "";
			projectRoot = "";
			targets = (
				6DC88AD92942C8AD00DA6C55 /* iChatGPT */,
				6DC88AE92942C8AE00DA6C55 /* iChatGPTTests */,
				6DC88AF32942C8AE00DA6C55 /* iChatGPTUITests */,
			);
		};
/* End PBXProject section */

/* Begin PBXResourcesBuildPhase section */
		6DC88AD82942C8AD00DA6C55 /* Resources */ = {
			isa = PBXResourcesBuildPhase;
			buildActionMask = 2147483647;
			files = (
				6DC88AE52942C8AE00DA6C55 /* Preview Assets.xcassets in Resources */,
				6D37A73B29C6D76800EF1F7B /* Localizable.strings in Resources */,
				6DC88AE22942C8AE00DA6C55 /* Assets.xcassets in Resources */,
			);
			runOnlyForDeploymentPostprocessing = 0;
		};
		6DC88AE82942C8AE00DA6C55 /* Resources */ = {
			isa = PBXResourcesBuildPhase;
			buildActionMask = 2147483647;
			files = (
			);
			runOnlyForDeploymentPostprocessing = 0;
		};
		6DC88AF22942C8AE00DA6C55 /* Resources */ = {
			isa = PBXResourcesBuildPhase;
			buildActionMask = 2147483647;
			files = (
			);
			runOnlyForDeploymentPostprocessing = 0;
		};
/* End PBXResourcesBuildPhase section */

/* Begin PBXSourcesBuildPhase section */
		6DC88AD62942C8AD00DA6C55 /* Sources */ = {
			isa = PBXSourcesBuildPhase;
			buildActionMask = 2147483647;
			files = (
				6DAA9182294346D8004ACD01 /* MarkdownStyles.swift in Sources */,
				6DC88B0C2942C8D200DA6C55 /* ChatContextMenu.swift in Sources */,
				6DC88AE02942C8AD00DA6C55 /* AIChatView.swift in Sources */,
				6DC88B142942C8E000DA6C55 /* Strings.swift in Sources */,
				6DAFB24729D9D6B9006417EC /* AIChatRoom.swift in Sources */,
				6DC88B0A2942C8D200DA6C55 /* ChatInputView.swift in Sources */,
				6D80F32B29EBE03700E99DFF /* View.swift in Sources */,
				6DAFB24229D9CCD1006417EC /* ChatMessageStore.swift in Sources */,
				6DAFB24029D97F8A006417EC /* ChatRoomConfigView.swift in Sources */,
				6DAFB23E29D97EE8006417EC /* ChatHistoryListView.swift in Sources */,
				6DC88B112942C8DC00DA6C55 /* ChatGPT.swift in Sources */,
				6DC88B1B2942E84A00DA6C55 /* MultilineTextField.swift in Sources */,
				6DC88B102942C8DC00DA6C55 /* AIChatModel.swift in Sources */,
				6DC88B192942D0B700DA6C55 /* Dates.swift in Sources */,
				6D5C556B2944408700FCF891 /* ImageLoaderView.swift in Sources */,
				6DFC85DA29D870F9005D67C0 /* AIChatInputModel.swift in Sources */,
				6DC88ADE2942C8AD00DA6C55 /* iChatGPTApp.swift in Sources */,
				6DC88B0B2942C8D200DA6C55 /* ChatAPISettingView.swift in Sources */,
				6DAFB24429D9CDB2006417EC /* ChatRoomStore.swift in Sources */,
			);
			runOnlyForDeploymentPostprocessing = 0;
		};
		6DC88AE62942C8AE00DA6C55 /* Sources */ = {
			isa = PBXSourcesBuildPhase;
			buildActionMask = 2147483647;
			files = (
				6DC88AEF2942C8AE00DA6C55 /* iChatGPTTests.swift in Sources */,
			);
			runOnlyForDeploymentPostprocessing = 0;
		};
		6DC88AF02942C8AE00DA6C55 /* Sources */ = {
			isa = PBXSourcesBuildPhase;
			buildActionMask = 2147483647;
			files = (
				6DC88AFB2942C8AE00DA6C55 /* iChatGPTUITestsLaunchTests.swift in Sources */,
				6DC88AF92942C8AE00DA6C55 /* iChatGPTUITests.swift in Sources */,
			);
			runOnlyForDeploymentPostprocessing = 0;
		};
/* End PBXSourcesBuildPhase section */

/* Begin PBXTargetDependency section */
		6DC88AEC2942C8AE00DA6C55 /* PBXTargetDependency */ = {
			isa = PBXTargetDependency;
			target = 6DC88AD92942C8AD00DA6C55 /* iChatGPT */;
			targetProxy = 6DC88AEB2942C8AE00DA6C55 /* PBXContainerItemProxy */;
		};
		6DC88AF62942C8AE00DA6C55 /* PBXTargetDependency */ = {
			isa = PBXTargetDependency;
			target = 6DC88AD92942C8AD00DA6C55 /* iChatGPT */;
			targetProxy = 6DC88AF52942C8AE00DA6C55 /* PBXContainerItemProxy */;
		};
/* End PBXTargetDependency section */

/* Begin PBXVariantGroup section */
		6D37A73D29C6D76800EF1F7B /* Localizable.strings */ = {
			isa = PBXVariantGroup;
			children = (
				6D37A73C29C6D76800EF1F7B /* zh-Hans */,
				6D37A73E29C6D76B00EF1F7B /* en */,
				6D4D38A529DA746700505FE3 /* zh-Hant */,
				6D4D38A629DA754A00505FE3 /* ja */,
				6D4D38A729DA755100505FE3 /* ko */,
				6D4D38A829DA765E00505FE3 /* fr */,
				6D4D38A929DA767100505FE3 /* ru */,
				6D4D38AA29DA767B00505FE3 /* de */,
			);
			name = Localizable.strings;
			sourceTree = "<group>";
		};
/* End PBXVariantGroup section */

/* Begin XCBuildConfiguration section */
		6DC88AFC2942C8AE00DA6C55 /* Debug */ = {
			isa = XCBuildConfiguration;
			buildSettings = {
				ALWAYS_SEARCH_USER_PATHS = NO;
				CLANG_ANALYZER_LOCALIZABILITY_NONLOCALIZED = YES;
				CLANG_ANALYZER_NONNULL = YES;
				CLANG_ANALYZER_NUMBER_OBJECT_CONVERSION = YES_AGGRESSIVE;
				CLANG_CXX_LANGUAGE_STANDARD = "gnu++20";
				CLANG_ENABLE_MODULES = YES;
				CLANG_ENABLE_OBJC_ARC = YES;
				CLANG_ENABLE_OBJC_WEAK = YES;
				CLANG_WARN_BLOCK_CAPTURE_AUTORELEASING = YES;
				CLANG_WARN_BOOL_CONVERSION = YES;
				CLANG_WARN_COMMA = YES;
				CLANG_WARN_CONSTANT_CONVERSION = YES;
				CLANG_WARN_DEPRECATED_OBJC_IMPLEMENTATIONS = YES;
				CLANG_WARN_DIRECT_OBJC_ISA_USAGE = YES_ERROR;
				CLANG_WARN_DOCUMENTATION_COMMENTS = YES;
				CLANG_WARN_EMPTY_BODY = YES;
				CLANG_WARN_ENUM_CONVERSION = YES;
				CLANG_WARN_INFINITE_RECURSION = YES;
				CLANG_WARN_INT_CONVERSION = YES;
				CLANG_WARN_NON_LITERAL_NULL_CONVERSION = YES;
				CLANG_WARN_OBJC_IMPLICIT_RETAIN_SELF = YES;
				CLANG_WARN_OBJC_LITERAL_CONVERSION = YES;
				CLANG_WARN_OBJC_ROOT_CLASS = YES_ERROR;
				CLANG_WARN_QUOTED_INCLUDE_IN_FRAMEWORK_HEADER = YES;
				CLANG_WARN_RANGE_LOOP_ANALYSIS = YES;
				CLANG_WARN_STRICT_PROTOTYPES = YES;
				CLANG_WARN_SUSPICIOUS_MOVE = YES;
				CLANG_WARN_UNGUARDED_AVAILABILITY = YES_AGGRESSIVE;
				CLANG_WARN_UNREACHABLE_CODE = YES;
				CLANG_WARN__DUPLICATE_METHOD_MATCH = YES;
				COPY_PHASE_STRIP = NO;
				DEBUG_INFORMATION_FORMAT = dwarf;
				ENABLE_STRICT_OBJC_MSGSEND = YES;
				ENABLE_TESTABILITY = YES;
				GCC_C_LANGUAGE_STANDARD = gnu11;
				GCC_DYNAMIC_NO_PIC = NO;
				GCC_NO_COMMON_BLOCKS = YES;
				GCC_OPTIMIZATION_LEVEL = 0;
				GCC_PREPROCESSOR_DEFINITIONS = (
					"DEBUG=1",
					"$(inherited)",
				);
				GCC_WARN_64_TO_32_BIT_CONVERSION = YES;
				GCC_WARN_ABOUT_RETURN_TYPE = YES_ERROR;
				GCC_WARN_UNDECLARED_SELECTOR = YES;
				GCC_WARN_UNINITIALIZED_AUTOS = YES_AGGRESSIVE;
				GCC_WARN_UNUSED_FUNCTION = YES;
				GCC_WARN_UNUSED_VARIABLE = YES;
				INFOPLIST_KEY_LSApplicationCategoryType = "public.app-category.lifestyle";
				IPHONEOS_DEPLOYMENT_TARGET = 14.0;
				MTL_ENABLE_DEBUG_INFO = INCLUDE_SOURCE;
				MTL_FAST_MATH = YES;
				ONLY_ACTIVE_ARCH = YES;
				SDKROOT = iphoneos;
				SWIFT_ACTIVE_COMPILATION_CONDITIONS = DEBUG;
				SWIFT_OPTIMIZATION_LEVEL = "-Onone";
			};
			name = Debug;
		};
		6DC88AFD2942C8AE00DA6C55 /* Release */ = {
			isa = XCBuildConfiguration;
			buildSettings = {
				ALWAYS_SEARCH_USER_PATHS = NO;
				CLANG_ANALYZER_LOCALIZABILITY_NONLOCALIZED = YES;
				CLANG_ANALYZER_NONNULL = YES;
				CLANG_ANALYZER_NUMBER_OBJECT_CONVERSION = YES_AGGRESSIVE;
				CLANG_CXX_LANGUAGE_STANDARD = "gnu++20";
				CLANG_ENABLE_MODULES = YES;
				CLANG_ENABLE_OBJC_ARC = YES;
				CLANG_ENABLE_OBJC_WEAK = YES;
				CLANG_WARN_BLOCK_CAPTURE_AUTORELEASING = YES;
				CLANG_WARN_BOOL_CONVERSION = YES;
				CLANG_WARN_COMMA = YES;
				CLANG_WARN_CONSTANT_CONVERSION = YES;
				CLANG_WARN_DEPRECATED_OBJC_IMPLEMENTATIONS = YES;
				CLANG_WARN_DIRECT_OBJC_ISA_USAGE = YES_ERROR;
				CLANG_WARN_DOCUMENTATION_COMMENTS = YES;
				CLANG_WARN_EMPTY_BODY = YES;
				CLANG_WARN_ENUM_CONVERSION = YES;
				CLANG_WARN_INFINITE_RECURSION = YES;
				CLANG_WARN_INT_CONVERSION = YES;
				CLANG_WARN_NON_LITERAL_NULL_CONVERSION = YES;
				CLANG_WARN_OBJC_IMPLICIT_RETAIN_SELF = YES;
				CLANG_WARN_OBJC_LITERAL_CONVERSION = YES;
				CLANG_WARN_OBJC_ROOT_CLASS = YES_ERROR;
				CLANG_WARN_QUOTED_INCLUDE_IN_FRAMEWORK_HEADER = YES;
				CLANG_WARN_RANGE_LOOP_ANALYSIS = YES;
				CLANG_WARN_STRICT_PROTOTYPES = YES;
				CLANG_WARN_SUSPICIOUS_MOVE = YES;
				CLANG_WARN_UNGUARDED_AVAILABILITY = YES_AGGRESSIVE;
				CLANG_WARN_UNREACHABLE_CODE = YES;
				CLANG_WARN__DUPLICATE_METHOD_MATCH = YES;
				COPY_PHASE_STRIP = NO;
				DEBUG_INFORMATION_FORMAT = "dwarf-with-dsym";
				ENABLE_NS_ASSERTIONS = NO;
				ENABLE_STRICT_OBJC_MSGSEND = YES;
				GCC_C_LANGUAGE_STANDARD = gnu11;
				GCC_NO_COMMON_BLOCKS = YES;
				GCC_WARN_64_TO_32_BIT_CONVERSION = YES;
				GCC_WARN_ABOUT_RETURN_TYPE = YES_ERROR;
				GCC_WARN_UNDECLARED_SELECTOR = YES;
				GCC_WARN_UNINITIALIZED_AUTOS = YES_AGGRESSIVE;
				GCC_WARN_UNUSED_FUNCTION = YES;
				GCC_WARN_UNUSED_VARIABLE = YES;
				INFOPLIST_KEY_LSApplicationCategoryType = "public.app-category.lifestyle";
				IPHONEOS_DEPLOYMENT_TARGET = 14.0;
				MTL_ENABLE_DEBUG_INFO = NO;
				MTL_FAST_MATH = YES;
				SDKROOT = iphoneos;
				SWIFT_COMPILATION_MODE = wholemodule;
				SWIFT_OPTIMIZATION_LEVEL = "-O";
				VALIDATE_PRODUCT = YES;
			};
			name = Release;
		};
		6DC88AFF2942C8AE00DA6C55 /* Debug */ = {
			isa = XCBuildConfiguration;
			buildSettings = {
				ASSETCATALOG_COMPILER_APPICON_NAME = AppIcon;
				ASSETCATALOG_COMPILER_GLOBAL_ACCENT_COLOR_NAME = AccentColor;
				ASSETCATALOG_COMPILER_INCLUDE_ALL_APPICON_ASSETS = NO;
				CODE_SIGN_IDENTITY = "Apple Development";
				CODE_SIGN_STYLE = Manual;
				CURRENT_PROJECT_VERSION = 2024.06.15;
				DEVELOPMENT_ASSET_PATHS = "\"iChatGPT/Preview Content\"";
				DEVELOPMENT_TEAM = "";
				ENABLE_PREVIEWS = YES;
				GENERATE_INFOPLIST_FILE = YES;
				INFOPLIST_FILE = iChatGPT/Info.plist;
				INFOPLIST_KEY_CFBundleDisplayName = iChatGPT;
				INFOPLIST_KEY_LSApplicationCategoryType = "public.app-category.lifestyle";
				INFOPLIST_KEY_UIApplicationSceneManifest_Generation = YES;
				INFOPLIST_KEY_UIApplicationSupportsIndirectInputEvents = YES;
				INFOPLIST_KEY_UILaunchScreen_Generation = YES;
				INFOPLIST_KEY_UIStatusBarStyle = "";
				INFOPLIST_KEY_UISupportedInterfaceOrientations = "UIInterfaceOrientationLandscapeLeft UIInterfaceOrientationLandscapeRight UIInterfaceOrientationPortrait";
				INFOPLIST_KEY_UISupportedInterfaceOrientations_iPad = "UIInterfaceOrientationLandscapeLeft UIInterfaceOrientationLandscapeRight UIInterfaceOrientationPortrait UIInterfaceOrientationPortraitUpsideDown";
				LD_RUNPATH_SEARCH_PATHS = (
					"$(inherited)",
					"@executable_path/Frameworks",
				);
				MARKETING_VERSION = 2.8.1;
				PRODUCT_BUNDLE_IDENTIFIER = com.37iOS.iChatGPT;
				PRODUCT_NAME = "$(TARGET_NAME)";
				PROVISIONING_PROFILE_SPECIFIER = "";
				SUPPORTED_PLATFORMS = "iphoneos iphonesimulator";
				SUPPORTS_MACCATALYST = YES;
				SUPPORTS_MAC_DESIGNED_FOR_IPHONE_IPAD = NO;
				SWIFT_EMIT_LOC_STRINGS = YES;
				SWIFT_VERSION = 5.0;
				TARGETED_DEVICE_FAMILY = "1,2";
			};
			name = Debug;
		};
		6DC88B002942C8AE00DA6C55 /* Release */ = {
			isa = XCBuildConfiguration;
			buildSettings = {
				ASSETCATALOG_COMPILER_APPICON_NAME = AppIcon;
				ASSETCATALOG_COMPILER_GLOBAL_ACCENT_COLOR_NAME = AccentColor;
				ASSETCATALOG_COMPILER_INCLUDE_ALL_APPICON_ASSETS = NO;
				CODE_SIGN_IDENTITY = "Apple Development";
				CODE_SIGN_STYLE = Manual;
				CURRENT_PROJECT_VERSION = 2024.06.15;
				DEVELOPMENT_ASSET_PATHS = "\"iChatGPT/Preview Content\"";
				DEVELOPMENT_TEAM = "";
				ENABLE_PREVIEWS = YES;
				GENERATE_INFOPLIST_FILE = YES;
				INFOPLIST_FILE = iChatGPT/Info.plist;
				INFOPLIST_KEY_CFBundleDisplayName = iChatGPT;
				INFOPLIST_KEY_LSApplicationCategoryType = "public.app-category.lifestyle";
				INFOPLIST_KEY_UIApplicationSceneManifest_Generation = YES;
				INFOPLIST_KEY_UIApplicationSupportsIndirectInputEvents = YES;
				INFOPLIST_KEY_UILaunchScreen_Generation = YES;
				INFOPLIST_KEY_UIStatusBarStyle = "";
				INFOPLIST_KEY_UISupportedInterfaceOrientations = "UIInterfaceOrientationLandscapeLeft UIInterfaceOrientationLandscapeRight UIInterfaceOrientationPortrait";
				INFOPLIST_KEY_UISupportedInterfaceOrientations_iPad = "UIInterfaceOrientationLandscapeLeft UIInterfaceOrientationLandscapeRight UIInterfaceOrientationPortrait UIInterfaceOrientationPortraitUpsideDown";
				LD_RUNPATH_SEARCH_PATHS = (
					"$(inherited)",
					"@executable_path/Frameworks",
				);
				MARKETING_VERSION = 2.8.1;
				PRODUCT_BUNDLE_IDENTIFIER = com.37iOS.iChatGPT;
				PRODUCT_NAME = "$(TARGET_NAME)";
				PROVISIONING_PROFILE_SPECIFIER = "";
				SUPPORTED_PLATFORMS = "iphoneos iphonesimulator";
				SUPPORTS_MACCATALYST = YES;
				SUPPORTS_MAC_DESIGNED_FOR_IPHONE_IPAD = NO;
				SWIFT_EMIT_LOC_STRINGS = YES;
				SWIFT_VERSION = 5.0;
				TARGETED_DEVICE_FAMILY = "1,2";
			};
			name = Release;
		};
		6DC88B022942C8AE00DA6C55 /* Debug */ = {
			isa = XCBuildConfiguration;
			buildSettings = {
				ALWAYS_EMBED_SWIFT_STANDARD_LIBRARIES = YES;
				BUNDLE_LOADER = "$(TEST_HOST)";
				CODE_SIGN_STYLE = Automatic;
				CURRENT_PROJECT_VERSION = 1;
				GENERATE_INFOPLIST_FILE = YES;
				IPHONEOS_DEPLOYMENT_TARGET = 16.1;
				MARKETING_VERSION = 1.0;
				PRODUCT_BUNDLE_IDENTIFIER = com.37iOS.iChatGPTTests;
				PRODUCT_NAME = "$(TARGET_NAME)";
				SWIFT_EMIT_LOC_STRINGS = NO;
				SWIFT_VERSION = 5.0;
				TARGETED_DEVICE_FAMILY = "1,2";
				TEST_HOST = "$(BUILT_PRODUCTS_DIR)/iChatGPT.app/$(BUNDLE_EXECUTABLE_FOLDER_PATH)/iChatGPT";
			};
			name = Debug;
		};
		6DC88B032942C8AE00DA6C55 /* Release */ = {
			isa = XCBuildConfiguration;
			buildSettings = {
				ALWAYS_EMBED_SWIFT_STANDARD_LIBRARIES = YES;
				BUNDLE_LOADER = "$(TEST_HOST)";
				CODE_SIGN_STYLE = Automatic;
				CURRENT_PROJECT_VERSION = 1;
				GENERATE_INFOPLIST_FILE = YES;
				IPHONEOS_DEPLOYMENT_TARGET = 16.1;
				MARKETING_VERSION = 1.0;
				PRODUCT_BUNDLE_IDENTIFIER = com.37iOS.iChatGPTTests;
				PRODUCT_NAME = "$(TARGET_NAME)";
				SWIFT_EMIT_LOC_STRINGS = NO;
				SWIFT_VERSION = 5.0;
				TARGETED_DEVICE_FAMILY = "1,2";
				TEST_HOST = "$(BUILT_PRODUCTS_DIR)/iChatGPT.app/$(BUNDLE_EXECUTABLE_FOLDER_PATH)/iChatGPT";
			};
			name = Release;
		};
		6DC88B052942C8AE00DA6C55 /* Debug */ = {
			isa = XCBuildConfiguration;
			buildSettings = {
				ALWAYS_EMBED_SWIFT_STANDARD_LIBRARIES = YES;
				CODE_SIGN_STYLE = Automatic;
				CURRENT_PROJECT_VERSION = 1;
				GENERATE_INFOPLIST_FILE = YES;
				MARKETING_VERSION = 1.0;
				PRODUCT_BUNDLE_IDENTIFIER = com.37iOS.iChatGPTUITests;
				PRODUCT_NAME = "$(TARGET_NAME)";
				SWIFT_EMIT_LOC_STRINGS = NO;
				SWIFT_VERSION = 5.0;
				TARGETED_DEVICE_FAMILY = "1,2";
				TEST_TARGET_NAME = iChatGPT;
			};
			name = Debug;
		};
		6DC88B062942C8AE00DA6C55 /* Release */ = {
			isa = XCBuildConfiguration;
			buildSettings = {
				ALWAYS_EMBED_SWIFT_STANDARD_LIBRARIES = YES;
				CODE_SIGN_STYLE = Automatic;
				CURRENT_PROJECT_VERSION = 1;
				GENERATE_INFOPLIST_FILE = YES;
				MARKETING_VERSION = 1.0;
				PRODUCT_BUNDLE_IDENTIFIER = com.37iOS.iChatGPTUITests;
				PRODUCT_NAME = "$(TARGET_NAME)";
				SWIFT_EMIT_LOC_STRINGS = NO;
				SWIFT_VERSION = 5.0;
				TARGETED_DEVICE_FAMILY = "1,2";
				TEST_TARGET_NAME = iChatGPT;
			};
			name = Release;
		};
/* End XCBuildConfiguration section */

/* Begin XCConfigurationList section */
		6DC88AD52942C8AD00DA6C55 /* Build configuration list for PBXProject "iChatGPT" */ = {
			isa = XCConfigurationList;
			buildConfigurations = (
				6DC88AFC2942C8AE00DA6C55 /* Debug */,
				6DC88AFD2942C8AE00DA6C55 /* Release */,
			);
			defaultConfigurationIsVisible = 0;
			defaultConfigurationName = Release;
		};
		6DC88AFE2942C8AE00DA6C55 /* Build configuration list for PBXNativeTarget "iChatGPT" */ = {
			isa = XCConfigurationList;
			buildConfigurations = (
				6DC88AFF2942C8AE00DA6C55 /* Debug */,
				6DC88B002942C8AE00DA6C55 /* Release */,
			);
			defaultConfigurationIsVisible = 0;
			defaultConfigurationName = Release;
		};
		6DC88B012942C8AE00DA6C55 /* Build configuration list for PBXNativeTarget "iChatGPTTests" */ = {
			isa = XCConfigurationList;
			buildConfigurations = (
				6DC88B022942C8AE00DA6C55 /* Debug */,
				6DC88B032942C8AE00DA6C55 /* Release */,
			);
			defaultConfigurationIsVisible = 0;
			defaultConfigurationName = Release;
		};
		6DC88B042942C8AE00DA6C55 /* Build configuration list for PBXNativeTarget "iChatGPTUITests" */ = {
			isa = XCConfigurationList;
			buildConfigurations = (
				6DC88B052942C8AE00DA6C55 /* Debug */,
				6DC88B062942C8AE00DA6C55 /* Release */,
			);
			defaultConfigurationIsVisible = 0;
			defaultConfigurationName = Release;
		};
/* End XCConfigurationList section */

/* Begin XCRemoteSwiftPackageReference section */
		6D80F32429EAF30E00E99DFF /* XCRemoteSwiftPackageReference "SwiftUIX" */ = {
			isa = XCRemoteSwiftPackageReference;
			repositoryURL = "https://github.com/SwiftUIX/SwiftUIX.git";
			requirement = {
				branch = master;
				kind = branch;
			};
		};
		6D80F32729EB8F3700E99DFF /* XCRemoteSwiftPackageReference "OpenAI" */ = {
			isa = XCRemoteSwiftPackageReference;
			repositoryURL = "https://github.com/MacPaw/OpenAI.git";
			requirement = {
				kind = upToNextMinorVersion;
				minimumVersion = 0.2.5;
			};
		};
		6DAA917E2943448D004ACD01 /* XCRemoteSwiftPackageReference "MarkdownText" */ = {
			isa = XCRemoteSwiftPackageReference;
			repositoryURL = "https://github.com/shaps80/MarkdownText.git";
			requirement = {
				kind = upToNextMajorVersion;
				minimumVersion = 1.2.0;
			};
		};
/* End XCRemoteSwiftPackageReference section */

/* Begin XCSwiftPackageProductDependency section */
		6D80F32529EAF30E00E99DFF /* SwiftUIX */ = {
			isa = XCSwiftPackageProductDependency;
			package = 6D80F32429EAF30E00E99DFF /* XCRemoteSwiftPackageReference "SwiftUIX" */;
			productName = SwiftUIX;
		};
		6D80F32829EB8F3700E99DFF /* OpenAI */ = {
			isa = XCSwiftPackageProductDependency;
			package = 6D80F32729EB8F3700E99DFF /* XCRemoteSwiftPackageReference "OpenAI" */;
			productName = OpenAI;
		};
		6DAA917F2943448D004ACD01 /* MarkdownText */ = {
			isa = XCSwiftPackageProductDependency;
			package = 6DAA917E2943448D004ACD01 /* XCRemoteSwiftPackageReference "MarkdownText" */;
			productName = MarkdownText;
		};
/* End XCSwiftPackageProductDependency section */
	};
	rootObject = 6DC88AD22942C8AD00DA6C55 /* Project object */;
}
